uuid: 90fb8864-b42d-4787-a3c8-057895c27c21
langcode: fr
status: true
dependencies:
  module:
    - doc_subscription
    - system
  theme:
    - doc
id: subscriptionblock
theme: doc
region: content
weight: 0
provider: null
plugin: doc_subscription_block
settings:
  id: doc_subscription_block
  label: Abonnements
  provider: doc_subscription
  label_display: visible
visibility:
  request_path:
    id: request_path
    pages: '<front>'
    negate: false
    context_mapping: {  }
