uuid: b95d1870-d6a5-407b-b52e-e36b69a5c7a9
langcode: fr
status: true
dependencies:
  module:
    - doc_history
    - system
    - user
  theme:
    - doc
id: historyblock
theme: doc
region: content
weight: 2
provider: null
plugin: doc_history_block
settings:
  id: doc_history_block
  label: History
  provider: doc_history
  label_display: visible
visibility:
  request_path:
    id: request_path
    pages: '<front>'
    negate: false
    context_mapping: {  }
  user_role:
    id: user_role
    roles:
      authenticated: authenticated
    negate: false
    context_mapping:
      user: '@user.current_user_context:current_user'
